{
  "requires": true,
  "lockfileVersion": 1,
  "dependencies": {
    "loc": {
      "version": "0.6.1",
      "resolved": "https://registry.npmjs.org/loc/-/loc-0.6.1.tgz",
      "integrity": "sha1-+OkaAp8VpU9zjnBXwILQbc2sfmI=",
      "requires": {
        "mkdirp": ">=0.3.5",
        "sprintf": ">=0.1.1"
      }
    },
    "mkdirp": {
      "version": "1.0.4",
      "resolved": "https://registry.npmjs.org/mkdirp/-/mkdirp-1.0.4.tgz",
      "integrity": "sha512-vVqVZQyf3WLx2Shd0qJ9xuvqgAyKPLAiqITEtqW0oIUjzo3PePDd6fW9iFz30ef7Ysp/oiWqbhszeGWW2T6Gzw=="
    },
    "sprintf": {
      "version": "0.1.5",
      "resolved": "https://registry.npmjs.org/sprintf/-/sprintf-0.1.5.tgz",
      "integrity": "sha1-j4PjmpMXwaUCy324BQ5Rxnn27c8="
    }
  }
}
